
Microsoft Visual Studio Solution File, Format Version 12.00
# Visual Studio Version 16
VisualStudioVersion = 16.0.29503.13
MinimumVisualStudioVersion = 10.0.40219.1
Project("{FAE04EC0-301F-11D3-BF4B-00C04F79EFBC}") = "Nominilla", "Nominilla\Nominilla.csproj", "{FDD58658-F5A9-476C-A9CD-184F71469E32}"
EndProject
Global
	GlobalSection(SolutionConfigurationPlatforms) = preSolution
		Debug|Any CPU = Debug|Any CPU
		Release|Any CPU = Release|Any CPU
	EndGlobalSection
	GlobalSection(ProjectConfigurationPlatforms) = postSolution
		{FDD58658-F5A9-476C-A9CD-184F71469E32}.Debug|Any CPU.ActiveCfg = Debug|Any CPU
		{FDD58658-F5A9-476C-A9CD-184F71469E32}.Debug|Any CPU.Build.0 = Debug|Any CPU
		{FDD58658-F5A9-476C-A9CD-184F71469E32}.Release|Any CPU.ActiveCfg = Release|Any CPU
		{FDD58658-F5A9-476C-A9CD-184F71469E32}.Release|Any CPU.Build.0 = Release|Any CPU
	EndGlobalSection
	GlobalSection(SolutionProperties) = preSolution
		HideSolutionNode = FALSE
	EndGlobalSection
	GlobalSection(ExtensibilityGlobals) = postSolution
		SolutionGuid = {5F3B7516-175C-4260-8419-746D550FDA47}
	EndGlobalSection
EndGlobal
